
Microsoft Visual Studio Solution File, Format Version 12.00
# Visual Studio Version 17
VisualStudioVersion = 17.13.35931.197 d17.13
MinimumVisualStudioVersion = 10.0.40219.1
Project("{FAE04EC0-301F-11D3-BF4B-00C04F79EFBC}") = "ContactList", "ContactList.csproj", "{5C3E2469-6311-4514-A37D-E96055471358}"
EndProject
Global
	GlobalSection(SolutionConfigurationPlatforms) = preSolution
		Debug|Any CPU = Debug|Any CPU
		Release|Any CPU = Release|Any CPU
	EndGlobalSection
	GlobalSection(ProjectConfigurationPlatforms) = postSolution
		{5C3E2469-6311-4514-A37D-E96055471358}.Debug|Any CPU.ActiveCfg = Debug|Any CPU
		{5C3E2469-6311-4514-A37D-E96055471358}.Debug|Any CPU.Build.0 = Debug|Any CPU
		{5C3E2469-6311-4514-A37D-E96055471358}.Release|Any CPU.ActiveCfg = Release|Any CPU
		{5C3E2469-6311-4514-A37D-E96055471358}.Release|Any CPU.Build.0 = Release|Any CPU
	EndGlobalSection
	GlobalSection(SolutionProperties) = preSolution
		HideSolutionNode = FALSE
	EndGlobalSection
	GlobalSection(ExtensibilityGlobals) = postSolution
		SolutionGuid = {1446676E-F49F-4218-9322-4393409AEAA3}
	EndGlobalSection
EndGlobal
